schema: '2.0'
stages:
  download-dataset:
    cmd: uv run python -c "import urllib.request; 
      urllib.request.urlretrieve('https://opendata.cern.ch/record/328/files/atlas-higgs-challenge-2014-v2.csv.gz',
      'data/raw/higgs-challenge.csv.gz')"
    outs:
    - path: data/raw/higgs-challenge.csv.gz
      hash: md5
      md5: ae01726fcb46bddc5212cbda5806a180
      size: 65630848
  preprocess:
    cmd: uv run python src/data/preprocess.py data/raw/higgs-challenge.csv.gz 
      data/processed/higgs-challenge.parquet
    deps:
    - path: data/raw/higgs-challenge.csv.gz
      hash: md5
      md5: ae01726fcb46bddc5212cbda5806a180
      size: 65630848
    - path: src/data/preprocess.py
      hash: md5
      md5: 51824887dec0f890cb7fb8493f2678ef
      size: 5166
    outs:
    - path: data/processed/higgs-challenge.parquet
      hash: md5
      md5: 8f20ed8c11723104d6d23f32d226b613
      size: 39040122
